<?xml version="1.0" encoding="utf-8"?>
<Project ToolsVersion="4.0" xmlns="http://schemas.microsoft.com/developer/msbuild/2003">
  <ItemGroup>
    <Filter Include="源文件">
      <UniqueIdentifier>{4FC737F1-C7A5-4376-A066-2A32D752A2FF}</UniqueIdentifier>
      <Extensions>cpp;c;cc;cxx;c++;cppm;ixx;def;odl;idl;hpj;bat;asm;asmx</Extensions>
    </Filter>
    <Filter Include="头文件">
      <UniqueIdentifier>{93995380-89BD-4b04-88EB-625FBE52EBFB}</UniqueIdentifier>
      <Extensions>h;hh;hpp;hxx;h++;hm;inl;inc;ipp;xsd</Extensions>
    </Filter>
    <Filter Include="资源文件">
      <UniqueIdentifier>{67DA6AB6-F800-4c08-8B7A-83BB121AAD01}</UniqueIdentifier>
      <Extensions>rc;ico;cur;bmp;dlg;rc2;rct;bin;rgs;gif;jpg;jpeg;jpe;resx;tiff;tif;png;wav;mfcribbon-ms</Extensions>
    </Filter>
    <Filter Include="cpprest">
      <UniqueIdentifier>{4fdb3fe3-61e9-4e87-9eb0-0dd49fa0e234}</UniqueIdentifier>
    </Filter>
  </ItemGroup>
  <ItemGroup>
    <ClInclude Include="framework.h">
      <Filter>头文件</Filter>
    </ClInclude>
    <ClInclude Include="pch.h">
      <Filter>头文件</Filter>
    </ClInclude>
    <ClInclude Include="..\packages\cpprestsdk.v142.2.10.15\build\native\include\cpprest\astreambuf.h">
      <Filter>cpprest</Filter>
    </ClInclude>
    <ClInclude Include="..\packages\cpprestsdk.v142.2.10.15\build\native\include\cpprest\asyncrt_utils.h">
      <Filter>cpprest</Filter>
    </ClInclude>
    <ClInclude Include="..\packages\cpprestsdk.v142.2.10.15\build\native\include\cpprest\base_uri.h">
      <Filter>cpprest</Filter>
    </ClInclude>
    <ClInclude Include="..\packages\cpprestsdk.v142.2.10.15\build\native\include\cpprest\containerstream.h">
      <Filter>cpprest</Filter>
    </ClInclude>
    <ClInclude Include="..\packages\cpprestsdk.v142.2.10.15\build\native\include\cpprest\filestream.h">
      <Filter>cpprest</Filter>
    </ClInclude>
    <ClInclude Include="..\packages\cpprestsdk.v142.2.10.15\build\native\include\cpprest\http_client.h">
      <Filter>cpprest</Filter>
    </ClInclude>
    <ClInclude Include="..\packages\cpprestsdk.v142.2.10.15\build\native\include\cpprest\http_compression.h">
      <Filter>cpprest</Filter>
    </ClInclude>
    <ClInclude Include="..\packages\cpprestsdk.v142.2.10.15\build\native\include\cpprest\http_headers.h">
      <Filter>cpprest</Filter>
    </ClInclude>
    <ClInclude Include="..\packages\cpprestsdk.v142.2.10.15\build\native\include\cpprest\http_listener.h">
      <Filter>cpprest</Filter>
    </ClInclude>
    <ClInclude Include="..\packages\cpprestsdk.v142.2.10.15\build\native\include\cpprest\http_msg.h">
      <Filter>cpprest</Filter>
    </ClInclude>
    <ClInclude Include="..\packages\cpprestsdk.v142.2.10.15\build\native\include\cpprest\interopstream.h">
      <Filter>cpprest</Filter>
    </ClInclude>
    <ClInclude Include="..\packages\cpprestsdk.v142.2.10.15\build\native\include\cpprest\json.h">
      <Filter>cpprest</Filter>
    </ClInclude>
    <ClInclude Include="..\packages\cpprestsdk.v142.2.10.15\build\native\include\cpprest\oauth1.h">
      <Filter>cpprest</Filter>
    </ClInclude>
    <ClInclude Include="..\packages\cpprestsdk.v142.2.10.15\build\native\include\cpprest\oauth2.h">
      <Filter>cpprest</Filter>
    </ClInclude>
    <ClInclude Include="..\packages\cpprestsdk.v142.2.10.15\build\native\include\cpprest\producerconsumerstream.h">
      <Filter>cpprest</Filter>
    </ClInclude>
    <ClInclude Include="..\packages\cpprestsdk.v142.2.10.15\build\native\include\cpprest\rawptrstream.h">
      <Filter>cpprest</Filter>
    </ClInclude>
    <ClInclude Include="..\packages\cpprestsdk.v142.2.10.15\build\native\include\cpprest\streams.h">
      <Filter>cpprest</Filter>
    </ClInclude>
    <ClInclude Include="..\packages\cpprestsdk.v142.2.10.15\build\native\include\cpprest\uri.h">
      <Filter>cpprest</Filter>
    </ClInclude>
    <ClInclude Include="..\packages\cpprestsdk.v142.2.10.15\build\native\include\cpprest\uri_builder.h">
      <Filter>cpprest</Filter>
    </ClInclude>
    <ClInclude Include="..\packages\cpprestsdk.v142.2.10.15\build\native\include\cpprest\version.h">
      <Filter>cpprest</Filter>
    </ClInclude>
    <ClInclude Include="..\packages\cpprestsdk.v142.2.10.15\build\native\include\cpprest\ws_client.h">
      <Filter>cpprest</Filter>
    </ClInclude>
    <ClInclude Include="..\packages\cpprestsdk.v142.2.10.15\build\native\include\cpprest\ws_msg.h">
      <Filter>cpprest</Filter>
    </ClInclude>
    <ClInclude Include="ModelClient.h">
      <Filter>头文件</Filter>
    </ClInclude>
    <ClInclude Include="PipeServer.h">
      <Filter>头文件</Filter>
    </ClInclude>
    <ClInclude Include="AICodetCore.h">
      <Filter>头文件</Filter>
    </ClInclude>
  </ItemGroup>
  <ItemGroup>
    <ClCompile Include="dllmain.cpp">
      <Filter>源文件</Filter>
    </ClCompile>
    <ClCompile Include="pch.cpp">
      <Filter>源文件</Filter>
    </ClCompile>
    <ClCompile Include="ModelClient.cpp">
      <Filter>源文件</Filter>
    </ClCompile>
    <ClCompile Include="PipeServer.cpp">
      <Filter>源文件</Filter>
    </ClCompile>
    <ClCompile Include="AICodetCore.cpp">
      <Filter>源文件</Filter>
    </ClCompile>
  </ItemGroup>
  <ItemGroup>
    <None Include="packages.config" />
  </ItemGroup>
</Project>